# THIS IS AN AUTOGENERATED FILE. DO NOT EDIT THIS FILE DIRECTLY.
# yarn lockfile v1


commander@2:
  version "2.20.3"
  resolved "https://registry.yarnpkg.com/commander/-/commander-2.20.3.tgz#fd485e84c03eb4881c20722ba48035e8531aeb33"
  integrity sha512-GpVkmM8vF2vQUkj2LvZmD35JxeJOLCwJ9cUkugyk2nuhbv3+mJvpLYYt+0+USMxE+oj+ey/lJEnhZw75x/OMcQ==

d3-array@^2.5.0:
  version "2.12.1"
  resolved "https://registry.yarnpkg.com/d3-array/-/d3-array-2.12.1.tgz#e20b41aafcdffdf5d50928004ececf815a465e81"
  integrity sha512-B0ErZK/66mHtEsR1TkPEEkwdy+WDesimkM5gpZr5Dsg54BiTA5RXtYW5qTLIAcekaS9xfZrzBLF/OAkB3Qn1YQ==
  dependencies:
    internmap "^1.0.0"

"d3-color@1 - 2":
  version "2.0.0"
  resolved "https://registry.yarnpkg.com/d3-color/-/d3-color-2.0.0.tgz#8d625cab42ed9b8f601a1760a389f7ea9189d62e"
  integrity sha512-SPXi0TSKPD4g9tw0NMZFnR95XVgUZiBH+uUTqQuDu1OsE2zomHU7ho0FISciaPvosimixwHFl3WHLGabv6dDgQ==

"d3-dispatch@1 - 2":
  version "2.0.0"
  resolved "https://registry.yarnpkg.com/d3-dispatch/-/d3-dispatch-2.0.0.tgz#8a18e16f76dd3fcaef42163c97b926aa9b55e7cf"
  integrity sha512-S/m2VsXI7gAti2pBoLClFFTMOO1HTtT0j99AuXLoGFKO6deHDdnv6ZGTxSTTUTgO1zVcv82fCOtDjYK4EECmWA==

d3-drag@2:
  version "2.0.0"
  resolved "https://registry.yarnpkg.com/d3-drag/-/d3-drag-2.0.0.tgz#9eaf046ce9ed1c25c88661911c1d5a4d8eb7ea6d"
  integrity sha512-g9y9WbMnF5uqB9qKqwIIa/921RYWzlUDv9Jl1/yONQwxbOfszAWTCm8u7HOTgJgRDXiRZN56cHT9pd24dmXs8w==
  dependencies:
    d3-dispatch "1 - 2"
    d3-selection "2"

"d3-ease@1 - 2":
  version "2.0.0"
  resolved "https://registry.yarnpkg.com/d3-ease/-/d3-ease-2.0.0.tgz#fd1762bfca00dae4bacea504b1d628ff290ac563"
  integrity sha512-68/n9JWarxXkOWMshcT5IcjbB+agblQUaIsbnXmrzejn2O82n3p2A9R2zEB9HIEFWKFwPAEDDN8gR0VdSAyyAQ==

d3-geo@^2.0.2:
  version "2.0.2"
  resolved "https://registry.yarnpkg.com/d3-geo/-/d3-geo-2.0.2.tgz#c065c1b71fe8c5f1be657e5f43d9bdd010383c40"
  integrity sha512-8pM1WGMLGFuhq9S+FpPURxic+gKzjluCD/CHTuUF3mXMeiCo0i6R0tO1s4+GArRFde96SLcW/kOFRjoAosPsFA==
  dependencies:
    d3-array "^2.5.0"

"d3-interpolate@1 - 2":
  version "2.0.1"
  resolved "https://registry.yarnpkg.com/d3-interpolate/-/d3-interpolate-2.0.1.tgz#98be499cfb8a3b94d4ff616900501a64abc91163"
  integrity sha512-c5UhwwTs/yybcmTpAVqwSFl6vrQ8JZJoT5F7xNFK9pymv5C0Ymcc9/LIJHtYIggg/yS9YHw8i8O8tgb9pupjeQ==
  dependencies:
    d3-color "1 - 2"

d3-selection@2, d3-selection@^2.0.0:
  version "2.0.0"
  resolved "https://registry.yarnpkg.com/d3-selection/-/d3-selection-2.0.0.tgz#94a11638ea2141b7565f883780dabc7ef6a61066"
  integrity sha512-XoGGqhLUN/W14NmaqcO/bb1nqjDAw5WtSYb2X8wiuQWvSZUsUVYsOSkOybUrNvcBjaywBdYPy03eXHMXjk9nZA==

"d3-timer@1 - 2":
  version "2.0.0"
  resolved "https://registry.yarnpkg.com/d3-timer/-/d3-timer-2.0.0.tgz#055edb1d170cfe31ab2da8968deee940b56623e6"
  integrity sha512-TO4VLh0/420Y/9dO3+f9abDEFYeCUr2WZRlxJvbp4HPTQcSylXNiL6yZa9FIUvV1yRiFufl1bszTCLDqv9PWNA==

d3-transition@2:
  version "2.0.0"
  resolved "https://registry.yarnpkg.com/d3-transition/-/d3-transition-2.0.0.tgz#366ef70c22ef88d1e34105f507516991a291c94c"
  integrity sha512-42ltAGgJesfQE3u9LuuBHNbGrI/AJjNL2OAUdclE70UE6Vy239GCBEYD38uBPoLeNsOhFStGpPI0BAOV+HMxog==
  dependencies:
    d3-color "1 - 2"
    d3-dispatch "1 - 2"
    d3-ease "1 - 2"
    d3-interpolate "1 - 2"
    d3-timer "1 - 2"

d3-zoom@^2.0.0:
  version "2.0.0"
  resolved "https://registry.yarnpkg.com/d3-zoom/-/d3-zoom-2.0.0.tgz#f04d0afd05518becce879d04709c47ecd93fba54"
  integrity sha512-fFg7aoaEm9/jf+qfstak0IYpnesZLiMX6GZvXtUSdv8RH2o4E2qeelgdU09eKS6wGuiGMfcnMI0nTIqWzRHGpw==
  dependencies:
    d3-dispatch "1 - 2"
    d3-drag "2"
    d3-interpolate "1 - 2"
    d3-selection "2"
    d3-transition "2"

internmap@^1.0.0:
  version "1.0.1"
  resolved "https://registry.yarnpkg.com/internmap/-/internmap-1.0.1.tgz#0017cc8a3b99605f0302f2b198d272e015e5df95"
  integrity sha512-lDB5YccMydFBtasVtxnZ3MRBHuaoE8GKsppq+EchKL2U4nK/DmEpPHNH8MZe5HkMtpSiTSOZwfN0tzYjO/lJEw==

react-simple-maps@^3.0.0:
  version "3.0.0"
  resolved "https://registry.yarnpkg.com/react-simple-maps/-/react-simple-maps-3.0.0.tgz#2349d884c9ba37b68695b9f5e1e7d9c2a826c00e"
  integrity sha512-vKNFrvpPG8Vyfdjnz5Ne1N56rZlDfHXv5THNXOVZMqbX1rWZA48zQuYT03mx6PAKanqarJu/PDLgshIZAfHHqw==
  dependencies:
    d3-geo "^2.0.2"
    d3-selection "^2.0.0"
    d3-zoom "^2.0.0"
    topojson-client "^3.1.0"

topojson-client@3, topojson-client@^3.1.0:
  version "3.1.0"
  resolved "https://registry.yarnpkg.com/topojson-client/-/topojson-client-3.1.0.tgz#22e8b1ed08a2b922feeb4af6f53b6ef09a467b99"
  integrity sha512-605uxS6bcYxGXw9qi62XyrV6Q3xwbndjachmNxu8HWTtVPxZfEJN9fd/SZS1Q54Sn2y0TMyMxFj/cJINqGHrKw==
  dependencies:
    commander "2"

topojson-client@3.0.0:
  version "3.0.0"
  resolved "https://registry.yarnpkg.com/topojson-client/-/topojson-client-3.0.0.tgz#1f99293a77ef42a448d032a81aa982b73f360d2f"
  integrity sha512-2phZ98wg/iKvsWxbB6JQcq0/N0f+sRx8ZogdvjCg+CjaJdmV0knP0OQwK5XbgnytAPx5lPZk41kiWpgH2w9FHg==
  dependencies:
    commander "2"

topojson-server@3.0.0:
  version "3.0.0"
  resolved "https://registry.yarnpkg.com/topojson-server/-/topojson-server-3.0.0.tgz#378e78e87c3972a7b5be2c5d604369b6bae69c5e"
  integrity sha512-UhhwQk4e2+lwhAVYkja3J5nQHQmKwORDuIQPkMnFFZFcLqWKLQWI3u7fZWtNIXTElBjTYdBUL1kzi1+oS/qDQw==
  dependencies:
    commander "2"

topojson-simplify@3.0.2:
  version "3.0.2"
  resolved "https://registry.yarnpkg.com/topojson-simplify/-/topojson-simplify-3.0.2.tgz#8a2403e639531500fafa0c6594e8b0fadebc2c02"
  integrity sha512-gyYSVRt4jO/0RJXKZQPzTDQRWV+D/nOfiljNUv0HBXslFLtq3yxRHrl7jbrjdbda5Ytdr7M8BZUI4OxU7tnbRQ==
  dependencies:
    commander "2"
    topojson-client "3"

topojson@^3.0.2:
  version "3.0.2"
  resolved "https://registry.yarnpkg.com/topojson/-/topojson-3.0.2.tgz#fcb927306c3e0fa76656fa58deed4555d2346fb4"
  integrity sha512-u3zeuL6WEVL0dmsRn7uHZKc4Ao4gpW3sORUv+N3ezLTvY3JdCuyg0hvpWiIfFw8p/JwVN++SvAsFgcFEeR15rQ==
  dependencies:
    topojson-client "3.0.0"
    topojson-server "3.0.0"
    topojson-simplify "3.0.2"

yarn@^1.22.22:
  version "1.22.22"
  resolved "https://registry.yarnpkg.com/yarn/-/yarn-1.22.22.tgz#ac34549e6aa8e7ead463a7407e1c7390f61a6610"
  integrity sha512-prL3kGtyG7o9Z9Sv8IPfBNrWTDmXB4Qbes8A9rEzt6wkJV8mUvoirjU0Mp3GGAU06Y0XQyA3/2/RQFVuK7MTfg==
